// !$*UTF8*$!
{
	archiveVersion = 1;
	classes = {
	};
	objectVersion = 46;
	objects = {

/* Begin PBXBuildFile section */
		004EE6D7438F0A18E42698FE /* Pods_Messenger.framework in Frameworks */ = {isa = PBXBuildFile; fileRef = B49DF17CD7A18B1A75B9AA0B /* Pods_Messenger.framework */; };
		124AB5B91E52E21700E5FF18 /* AppDelegate.swift in Sources */ = {isa = PBXBuildFile; fileRef = 124AB5B81E52E21700E5FF18 /* AppDelegate.swift */; };
		124AB5BE1E52E21700E5FF18 /* Main.storyboard in Resources */ = {isa = PBXBuildFile; fileRef = 124AB5BC1E52E21700E5FF18 /* Main.storyboard */; };
		124AB5C01E52E21700E5FF18 /* Assets.xcassets in Resources */ = {isa = PBXBuildFile; fileRef = 124AB5BF1E52E21700E5FF18 /* Assets.xcassets */; };
		124AB5C31E52E21700E5FF18 /* LaunchScreen.storyboard in Resources */ = {isa = PBXBuildFile; fileRef = 124AB5C11E52E21700E5FF18 /* LaunchScreen.storyboard */; };
		124AB5CF1E52E24D00E5FF18 /* RoomViewController.swift in Sources */ = {isa = PBXBuildFile; fileRef = 124AB5991E52A6D100E5FF18 /* RoomViewController.swift */; };
		124AB5D01E52E24D00E5FF18 /* RoomViewCell.swift in Sources */ = {isa = PBXBuildFile; fileRef = 124AB59B1E52AC2100E5FF18 /* RoomViewCell.swift */; };
		124AB5D21E52E52B00E5FF18 /* MessageViewController.swift in Sources */ = {isa = PBXBuildFile; fileRef = 124AB59D1E52CB3300E5FF18 /* MessageViewController.swift */; };
		124AB5D61E52E53100E5FF18 /* AppDelegate.swift in Sources */ = {isa = PBXBuildFile; fileRef = 1270A1D01E3F34E00037B2E9 /* AppDelegate.swift */; };
		124AB5D71E52E53100E5FF18 /* Chat.swift in Sources */ = {isa = PBXBuildFile; fileRef = 122695D61E40275E006128D9 /* Chat.swift */; };
		124AB5D81E52E53100E5FF18 /* ChatToolBar.swift in Sources */ = {isa = PBXBuildFile; fileRef = 122695D81E402B99006128D9 /* ChatToolBar.swift */; };
		124AB5D91E52E53100E5FF18 /* ChatView.swift in Sources */ = {isa = PBXBuildFile; fileRef = 1270A1E21E3F357E0037B2E9 /* ChatView.swift */; };
		124AB5DA1E52E53100E5FF18 /* ChatViewController.swift in Sources */ = {isa = PBXBuildFile; fileRef = 1270A1E41E3F358F0037B2E9 /* ChatViewController.swift */; };
		124AB5DB1E52E53100E5FF18 /* ChatViewDataSource.swift in Sources */ = {isa = PBXBuildFile; fileRef = 12881F741E3FA652004107CF /* ChatViewDataSource.swift */; };
		124AB5DC1E52E53100E5FF18 /* ChatViewCell.swift in Sources */ = {isa = PBXBuildFile; fileRef = 1270A1E61E3F359D0037B2E9 /* ChatViewCell.swift */; };
		124AB5DE1E52E53200E5FF18 /* Chat.swift in Sources */ = {isa = PBXBuildFile; fileRef = 122695D61E40275E006128D9 /* Chat.swift */; };
		124AB5DF1E52E53200E5FF18 /* ChatToolBar.swift in Sources */ = {isa = PBXBuildFile; fileRef = 122695D81E402B99006128D9 /* ChatToolBar.swift */; };
		124AB5E01E52E53200E5FF18 /* ChatView.swift in Sources */ = {isa = PBXBuildFile; fileRef = 1270A1E21E3F357E0037B2E9 /* ChatView.swift */; };
		124AB5E11E52E53200E5FF18 /* ChatViewController.swift in Sources */ = {isa = PBXBuildFile; fileRef = 1270A1E41E3F358F0037B2E9 /* ChatViewController.swift */; };
		124AB5E21E52E53200E5FF18 /* ChatViewDataSource.swift in Sources */ = {isa = PBXBuildFile; fileRef = 12881F741E3FA652004107CF /* ChatViewDataSource.swift */; };
		124AB5E31E52E53200E5FF18 /* ChatViewCell.swift in Sources */ = {isa = PBXBuildFile; fileRef = 1270A1E61E3F359D0037B2E9 /* ChatViewCell.swift */; };
		124AB5E41E52E57F00E5FF18 /* Salada.swift in Sources */ = {isa = PBXBuildFile; fileRef = 124AB5A21E52D8D800E5FF18 /* Salada.swift */; };
		124AB5E51E52E57F00E5FF18 /* Salada+File.swift in Sources */ = {isa = PBXBuildFile; fileRef = 124AB5A31E52D8D800E5FF18 /* Salada+File.swift */; };
		124AB5E61E52E57F00E5FF18 /* Salada+Datasource.swift in Sources */ = {isa = PBXBuildFile; fileRef = 124AB5A41E52D8D800E5FF18 /* Salada+Datasource.swift */; };
		124AB5E71E52E57F00E5FF18 /* Salada+Relation.swift in Sources */ = {isa = PBXBuildFile; fileRef = 124AB5A51E52D8D800E5FF18 /* Salada+Relation.swift */; };
		124AB5E81E52E57F00E5FF18 /* Referenceable.swift in Sources */ = {isa = PBXBuildFile; fileRef = 124AB5A61E52D8D800E5FF18 /* Referenceable.swift */; };
		124AB5EB1E52F1A300E5FF18 /* GoogleService-Info.plist in Resources */ = {isa = PBXBuildFile; fileRef = 124AB5EA1E52F1A300E5FF18 /* GoogleService-Info.plist */; };
		124AB5ED1E53106400E5FF18 /* Firebase+.swift in Sources */ = {isa = PBXBuildFile; fileRef = 124AB5EC1E53106400E5FF18 /* Firebase+.swift */; };
		124AB5EF1E5311A700E5FF18 /* Transcript.swift in Sources */ = {isa = PBXBuildFile; fileRef = 124AB5EE1E5311A700E5FF18 /* Transcript.swift */; };
		124AB5F11E5311B100E5FF18 /* Room.swift in Sources */ = {isa = PBXBuildFile; fileRef = 124AB5F01E5311B100E5FF18 /* Room.swift */; };
		124AB5F31E5311CB00E5FF18 /* User.swift in Sources */ = {isa = PBXBuildFile; fileRef = 124AB5F21E5311CB00E5FF18 /* User.swift */; };
		124AB5F41E53124000E5FF18 /* Transcript.swift in Sources */ = {isa = PBXBuildFile; fileRef = 124AB5EE1E5311A700E5FF18 /* Transcript.swift */; };
		124AB5F51E53124000E5FF18 /* Room.swift in Sources */ = {isa = PBXBuildFile; fileRef = 124AB5F01E5311B100E5FF18 /* Room.swift */; };
		124AB5F61E53124000E5FF18 /* User.swift in Sources */ = {isa = PBXBuildFile; fileRef = 124AB5F21E5311CB00E5FF18 /* User.swift */; };
		1270A1D81E3F34E00037B2E9 /* Assets.xcassets in Resources */ = {isa = PBXBuildFile; fileRef = 1270A1D71E3F34E00037B2E9 /* Assets.xcassets */; };
		1270A1DB1E3F34E00037B2E9 /* LaunchScreen.storyboard in Resources */ = {isa = PBXBuildFile; fileRef = 1270A1D91E3F34E00037B2E9 /* LaunchScreen.storyboard */; };
		128EBA0A1E55522B00B56BFB /* ChatSessionController.swift in Sources */ = {isa = PBXBuildFile; fileRef = 128EBA091E55522B00B56BFB /* ChatSessionController.swift */; };
		128EBA0C1E556A9600B56BFB /* ChatTextCell.swift in Sources */ = {isa = PBXBuildFile; fileRef = 128EBA0B1E556A9600B56BFB /* ChatTextCell.swift */; };
		128EBA141E559AD600B56BFB /* Antenna.swift in Sources */ = {isa = PBXBuildFile; fileRef = 128EBA101E559AD600B56BFB /* Antenna.swift */; };
		128EBA151E559AD600B56BFB /* Beacon.swift in Sources */ = {isa = PBXBuildFile; fileRef = 128EBA111E559AD600B56BFB /* Beacon.swift */; };
		128EBA161E559AD600B56BFB /* Communicable.swift in Sources */ = {isa = PBXBuildFile; fileRef = 128EBA121E559AD600B56BFB /* Communicable.swift */; };
		128EBA171E559AD600B56BFB /* Communicable+.swift in Sources */ = {isa = PBXBuildFile; fileRef = 128EBA131E559AD600B56BFB /* Communicable+.swift */; };
		128EBA191E56F46700B56BFB /* ViewController.swift in Sources */ = {isa = PBXBuildFile; fileRef = 128EBA181E56F46700B56BFB /* ViewController.swift */; };
		E95A77A47A867199B113765C /* Pods_Chat.framework in Frameworks */ = {isa = PBXBuildFile; fileRef = ECC136CB7EB7ECF10CC4DA11 /* Pods_Chat.framework */; };
/* End PBXBuildFile section */

/* Begin PBXFileReference section */
		122695D61E40275E006128D9 /* Chat.swift */ = {isa = PBXFileReference; fileEncoding = 4; lastKnownFileType = sourcecode.swift; path = Chat.swift; sourceTree = "<group>"; };
		122695D81E402B99006128D9 /* ChatToolBar.swift */ = {isa = PBXFileReference; fileEncoding = 4; lastKnownFileType = sourcecode.swift; path = ChatToolBar.swift; sourceTree = "<group>"; };
		124AB5991E52A6D100E5FF18 /* RoomViewController.swift */ = {isa = PBXFileReference; fileEncoding = 4; lastKnownFileType = sourcecode.swift; name = RoomViewController.swift; path = ../Chat/RoomViewController.swift; sourceTree = "<group>"; };
		124AB59B1E52AC2100E5FF18 /* RoomViewCell.swift */ = {isa = PBXFileReference; fileEncoding = 4; lastKnownFileType = sourcecode.swift; name = RoomViewCell.swift; path = ../Chat/RoomViewCell.swift; sourceTree = "<group>"; };
		124AB59D1E52CB3300E5FF18 /* MessageViewController.swift */ = {isa = PBXFileReference; fileEncoding = 4; lastKnownFileType = sourcecode.swift; name = MessageViewController.swift; path = ../Chat/MessageViewController.swift; sourceTree = "<group>"; };
		124AB5A21E52D8D800E5FF18 /* Salada.swift */ = {isa = PBXFileReference; fileEncoding = 4; lastKnownFileType = sourcecode.swift; path = Salada.swift; sourceTree = "<group>"; };
		124AB5A31E52D8D800E5FF18 /* Salada+File.swift */ = {isa = PBXFileReference; fileEncoding = 4; lastKnownFileType = sourcecode.swift; path = "Salada+File.swift"; sourceTree = "<group>"; };
		124AB5A41E52D8D800E5FF18 /* Salada+Datasource.swift */ = {isa = PBXFileReference; fileEncoding = 4; lastKnownFileType = sourcecode.swift; path = "Salada+Datasource.swift"; sourceTree = "<group>"; };
		124AB5A51E52D8D800E5FF18 /* Salada+Relation.swift */ = {isa = PBXFileReference; fileEncoding = 4; lastKnownFileType = sourcecode.swift; path = "Salada+Relation.swift"; sourceTree = "<group>"; };
		124AB5A61E52D8D800E5FF18 /* Referenceable.swift */ = {isa = PBXFileReference; fileEncoding = 4; lastKnownFileType = sourcecode.swift; path = Referenceable.swift; sourceTree = "<group>"; };
		124AB5B61E52E21700E5FF18 /* Messenger.app */ = {isa = PBXFileReference; explicitFileType = wrapper.application; includeInIndex = 0; path = Messenger.app; sourceTree = BUILT_PRODUCTS_DIR; };
		124AB5B81E52E21700E5FF18 /* AppDelegate.swift */ = {isa = PBXFileReference; lastKnownFileType = sourcecode.swift; path = AppDelegate.swift; sourceTree = "<group>"; };
		124AB5BD1E52E21700E5FF18 /* Base */ = {isa = PBXFileReference; lastKnownFileType = file.storyboard; name = Base; path = Base.lproj/Main.storyboard; sourceTree = "<group>"; };
		124AB5BF1E52E21700E5FF18 /* Assets.xcassets */ = {isa = PBXFileReference; lastKnownFileType = folder.assetcatalog; path = Assets.xcassets; sourceTree = "<group>"; };
		124AB5C21E52E21700E5FF18 /* Base */ = {isa = PBXFileReference; lastKnownFileType = file.storyboard; name = Base; path = Base.lproj/LaunchScreen.storyboard; sourceTree = "<group>"; };
		124AB5C41E52E21700E5FF18 /* Info.plist */ = {isa = PBXFileReference; lastKnownFileType = text.plist.xml; path = Info.plist; sourceTree = "<group>"; };
		124AB5EA1E52F1A300E5FF18 /* GoogleService-Info.plist */ = {isa = PBXFileReference; fileEncoding = 4; lastKnownFileType = text.plist.xml; path = "GoogleService-Info.plist"; sourceTree = "<group>"; };
		124AB5EC1E53106400E5FF18 /* Firebase+.swift */ = {isa = PBXFileReference; fileEncoding = 4; lastKnownFileType = sourcecode.swift; path = "Firebase+.swift"; sourceTree = "<group>"; };
		124AB5EE1E5311A700E5FF18 /* Transcript.swift */ = {isa = PBXFileReference; fileEncoding = 4; lastKnownFileType = sourcecode.swift; path = Transcript.swift; sourceTree = "<group>"; };
		124AB5F01E5311B100E5FF18 /* Room.swift */ = {isa = PBXFileReference; fileEncoding = 4; lastKnownFileType = sourcecode.swift; path = Room.swift; sourceTree = "<group>"; };
		124AB5F21E5311CB00E5FF18 /* User.swift */ = {isa = PBXFileReference; fileEncoding = 4; lastKnownFileType = sourcecode.swift; path = User.swift; sourceTree = "<group>"; };
		1270A1CD1E3F34E00037B2E9 /* Chat.app */ = {isa = PBXFileReference; explicitFileType = wrapper.application; includeInIndex = 0; path = Chat.app; sourceTree = BUILT_PRODUCTS_DIR; };
		1270A1D01E3F34E00037B2E9 /* AppDelegate.swift */ = {isa = PBXFileReference; lastKnownFileType = sourcecode.swift; path = AppDelegate.swift; sourceTree = "<group>"; };
		1270A1D71E3F34E00037B2E9 /* Assets.xcassets */ = {isa = PBXFileReference; lastKnownFileType = folder.assetcatalog; path = Assets.xcassets; sourceTree = "<group>"; };
		1270A1DA1E3F34E00037B2E9 /* Base */ = {isa = PBXFileReference; lastKnownFileType = file.storyboard; name = Base; path = Base.lproj/LaunchScreen.storyboard; sourceTree = "<group>"; };
		1270A1DC1E3F34E00037B2E9 /* Info.plist */ = {isa = PBXFileReference; lastKnownFileType = text.plist.xml; path = Info.plist; sourceTree = "<group>"; };
		1270A1E21E3F357E0037B2E9 /* ChatView.swift */ = {isa = PBXFileReference; fileEncoding = 4; lastKnownFileType = sourcecode.swift; path = ChatView.swift; sourceTree = "<group>"; };
		1270A1E41E3F358F0037B2E9 /* ChatViewController.swift */ = {isa = PBXFileReference; fileEncoding = 4; lastKnownFileType = sourcecode.swift; path = ChatViewController.swift; sourceTree = "<group>"; };
		1270A1E61E3F359D0037B2E9 /* ChatViewCell.swift */ = {isa = PBXFileReference; fileEncoding = 4; lastKnownFileType = sourcecode.swift; path = ChatViewCell.swift; sourceTree = "<group>"; };
		12881F741E3FA652004107CF /* ChatViewDataSource.swift */ = {isa = PBXFileReference; fileEncoding = 4; lastKnownFileType = sourcecode.swift; path = ChatViewDataSource.swift; sourceTree = "<group>"; };
		128EBA091E55522B00B56BFB /* ChatSessionController.swift */ = {isa = PBXFileReference; fileEncoding = 4; lastKnownFileType = sourcecode.swift; path = ChatSessionController.swift; sourceTree = "<group>"; };
		128EBA0B1E556A9600B56BFB /* ChatTextCell.swift */ = {isa = PBXFileReference; fileEncoding = 4; lastKnownFileType = sourcecode.swift; path = ChatTextCell.swift; sourceTree = "<group>"; };
		128EBA101E559AD600B56BFB /* Antenna.swift */ = {isa = PBXFileReference; fileEncoding = 4; lastKnownFileType = sourcecode.swift; path = Antenna.swift; sourceTree = "<group>"; };
		128EBA111E559AD600B56BFB /* Beacon.swift */ = {isa = PBXFileReference; fileEncoding = 4; lastKnownFileType = sourcecode.swift; path = Beacon.swift; sourceTree = "<group>"; };
		128EBA121E559AD600B56BFB /* Communicable.swift */ = {isa = PBXFileReference; fileEncoding = 4; lastKnownFileType = sourcecode.swift; path = Communicable.swift; sourceTree = "<group>"; };
		128EBA131E559AD600B56BFB /* Communicable+.swift */ = {isa = PBXFileReference; fileEncoding = 4; lastKnownFileType = sourcecode.swift; path = "Communicable+.swift"; sourceTree = "<group>"; };
		128EBA181E56F46700B56BFB /* ViewController.swift */ = {isa = PBXFileReference; fileEncoding = 4; lastKnownFileType = sourcecode.swift; path = ViewController.swift; sourceTree = "<group>"; };
		26E6B680EDE0B408982D72AE /* Pods_TwitterMessenger.framework */ = {isa = PBXFileReference; explicitFileType = wrapper.framework; includeInIndex = 0; path = Pods_TwitterMessenger.framework; sourceTree = BUILT_PRODUCTS_DIR; };
		489B7665A1F9B3D7B8F72A8D /* Pods-Messenger.release.xcconfig */ = {isa = PBXFileReference; includeInIndex = 1; lastKnownFileType = text.xcconfig; name = "Pods-Messenger.release.xcconfig"; path = "Pods/Target Support Files/Pods-Messenger/Pods-Messenger.release.xcconfig"; sourceTree = "<group>"; };
		65800436C61FE06F3D8E5CCB /* Pods-Messenger.debug.xcconfig */ = {isa = PBXFileReference; includeInIndex = 1; lastKnownFileType = text.xcconfig; name = "Pods-Messenger.debug.xcconfig"; path = "Pods/Target Support Files/Pods-Messenger/Pods-Messenger.debug.xcconfig"; sourceTree = "<group>"; };
		9BDF8D5A412ED744CEB492F4 /* Pods-Chat.release.xcconfig */ = {isa = PBXFileReference; includeInIndex = 1; lastKnownFileType = text.xcconfig; name = "Pods-Chat.release.xcconfig"; path = "Pods/Target Support Files/Pods-Chat/Pods-Chat.release.xcconfig"; sourceTree = "<group>"; };
		B49DF17CD7A18B1A75B9AA0B /* Pods_Messenger.framework */ = {isa = PBXFileReference; explicitFileType = wrapper.framework; includeInIndex = 0; path = Pods_Messenger.framework; sourceTree = BUILT_PRODUCTS_DIR; };
		C39F9FFC25CE05CAA91260B2 /* Pods-Chat.debug.xcconfig */ = {isa = PBXFileReference; includeInIndex = 1; lastKnownFileType = text.xcconfig; name = "Pods-Chat.debug.xcconfig"; path = "Pods/Target Support Files/Pods-Chat/Pods-Chat.debug.xcconfig"; sourceTree = "<group>"; };
		ECC136CB7EB7ECF10CC4DA11 /* Pods_Chat.framework */ = {isa = PBXFileReference; explicitFileType = wrapper.framework; includeInIndex = 0; path = Pods_Chat.framework; sourceTree = BUILT_PRODUCTS_DIR; };
/* End PBXFileReference section */

/* Begin PBXFrameworksBuildPhase section */
		124AB5B31E52E21700E5FF18 /* Frameworks */ = {
			isa = PBXFrameworksBuildPhase;
			buildActionMask = 2147483647;
			files = (
				004EE6D7438F0A18E42698FE /* Pods_Messenger.framework in Frameworks */,
			);
			runOnlyForDeploymentPostprocessing = 0;
		};
		1270A1CA1E3F34E00037B2E9 /* Frameworks */ = {
			isa = PBXFrameworksBuildPhase;
			buildActionMask = 2147483647;
			files = (
				E95A77A47A867199B113765C /* Pods_Chat.framework in Frameworks */,
			);
			runOnlyForDeploymentPostprocessing = 0;
		};
/* End PBXFrameworksBuildPhase section */

/* Begin PBXGroup section */
		124AB5A11E52D8C700E5FF18 /* Salada */ = {
			isa = PBXGroup;
			children = (
				124AB5A21E52D8D800E5FF18 /* Salada.swift */,
				124AB5A31E52D8D800E5FF18 /* Salada+File.swift */,
				124AB5A41E52D8D800E5FF18 /* Salada+Datasource.swift */,
				124AB5A51E52D8D800E5FF18 /* Salada+Relation.swift */,
				124AB5A61E52D8D800E5FF18 /* Referenceable.swift */,
			);
			name = Salada;
			path = ../Chat;
			sourceTree = "<group>";
		};
		124AB5B71E52E21700E5FF18 /* Messenger */ = {
			isa = PBXGroup;
			children = (
				124AB5B81E52E21700E5FF18 /* AppDelegate.swift */,
				128EBA181E56F46700B56BFB /* ViewController.swift */,
				124AB5991E52A6D100E5FF18 /* RoomViewController.swift */,
				124AB59B1E52AC2100E5FF18 /* RoomViewCell.swift */,
				124AB59D1E52CB3300E5FF18 /* MessageViewController.swift */,
				128EBA0B1E556A9600B56BFB /* ChatTextCell.swift */,
				128EBA091E55522B00B56BFB /* ChatSessionController.swift */,
				124AB5EC1E53106400E5FF18 /* Firebase+.swift */,
				128EBA0F1E559AB700B56BFB /* Antenna */,
				124AB5A11E52D8C700E5FF18 /* Salada */,
				124AB5BC1E52E21700E5FF18 /* Main.storyboard */,
				124AB5BF1E52E21700E5FF18 /* Assets.xcassets */,
				124AB5C11E52E21700E5FF18 /* LaunchScreen.storyboard */,
				124AB5C41E52E21700E5FF18 /* Info.plist */,
				124AB5EA1E52F1A300E5FF18 /* GoogleService-Info.plist */,
			);
			path = Messenger;
			sourceTree = "<group>";
		};
		1270A1C41E3F34E00037B2E9 = {
			isa = PBXGroup;
			children = (
				1270A1CF1E3F34E00037B2E9 /* Chat */,
				124AB5B71E52E21700E5FF18 /* Messenger */,
				1270A1CE1E3F34E00037B2E9 /* Products */,
				37D821324FA432AEDE01F199 /* Pods */,
				4FEF49699B1092A4C9B323D6 /* Frameworks */,
			);
			sourceTree = "<group>";
		};
		1270A1CE1E3F34E00037B2E9 /* Products */ = {
			isa = PBXGroup;
			children = (
				1270A1CD1E3F34E00037B2E9 /* Chat.app */,
				124AB5B61E52E21700E5FF18 /* Messenger.app */,
			);
			name = Products;
			sourceTree = "<group>";
		};
		1270A1CF1E3F34E00037B2E9 /* Chat */ = {
			isa = PBXGroup;
			children = (
				1270A1D01E3F34E00037B2E9 /* AppDelegate.swift */,
				122695D61E40275E006128D9 /* Chat.swift */,
				122695D81E402B99006128D9 /* ChatToolBar.swift */,
				1270A1E21E3F357E0037B2E9 /* ChatView.swift */,
				1270A1E41E3F358F0037B2E9 /* ChatViewController.swift */,
				12881F741E3FA652004107CF /* ChatViewDataSource.swift */,
				1270A1E61E3F359D0037B2E9 /* ChatViewCell.swift */,
				124AB5EE1E5311A700E5FF18 /* Transcript.swift */,
				124AB5F01E5311B100E5FF18 /* Room.swift */,
				124AB5F21E5311CB00E5FF18 /* User.swift */,
				1270A1D71E3F34E00037B2E9 /* Assets.xcassets */,
				1270A1D91E3F34E00037B2E9 /* LaunchScreen.storyboard */,
				1270A1DC1E3F34E00037B2E9 /* Info.plist */,
			);
			path = Chat;
			sourceTree = "<group>";
		};
		128EBA0F1E559AB700B56BFB /* Antenna */ = {
			isa = PBXGroup;
			children = (
				128EBA101E559AD600B56BFB /* Antenna.swift */,
				128EBA111E559AD600B56BFB /* Beacon.swift */,
				128EBA121E559AD600B56BFB /* Communicable.swift */,
				128EBA131E559AD600B56BFB /* Communicable+.swift */,
			);
			name = Antenna;
			sourceTree = "<group>";
		};
		37D821324FA432AEDE01F199 /* Pods */ = {
			isa = PBXGroup;
			children = (
				C39F9FFC25CE05CAA91260B2 /* Pods-Chat.debug.xcconfig */,
				9BDF8D5A412ED744CEB492F4 /* Pods-Chat.release.xcconfig */,
				65800436C61FE06F3D8E5CCB /* Pods-Messenger.debug.xcconfig */,
				489B7665A1F9B3D7B8F72A8D /* Pods-Messenger.release.xcconfig */,
			);
			name = Pods;
			sourceTree = "<group>";
		};
		4FEF49699B1092A4C9B323D6 /* Frameworks */ = {
			isa = PBXGroup;
			children = (
				ECC136CB7EB7ECF10CC4DA11 /* Pods_Chat.framework */,
				26E6B680EDE0B408982D72AE /* Pods_TwitterMessenger.framework */,
				B49DF17CD7A18B1A75B9AA0B /* Pods_Messenger.framework */,
			);
			name = Frameworks;
			sourceTree = "<group>";
		};
/* End PBXGroup section */

/* Begin PBXNativeTarget section */
		124AB5B51E52E21700E5FF18 /* Messenger */ = {
			isa = PBXNativeTarget;
			buildConfigurationList = 124AB5C51E52E21700E5FF18 /* Build configuration list for PBXNativeTarget "Messenger" */;
			buildPhases = (
				12A337848C85B837DA944B5B /* [CP] Check Pods Manifest.lock */,
				124AB5B21E52E21700E5FF18 /* Sources */,
				124AB5B31E52E21700E5FF18 /* Frameworks */,
				124AB5B41E52E21700E5FF18 /* Resources */,
				1498089326694C657E196168 /* [CP] Embed Pods Frameworks */,
				D472B0DDB9EDC2B1E419D9E0 /* [CP] Copy Pods Resources */,
			);
			buildRules = (
			);
			dependencies = (
			);
			name = Messenger;
			productName = Messenger;
			productReference = 124AB5B61E52E21700E5FF18 /* Messenger.app */;
			productType = "com.apple.product-type.application";
		};
		1270A1CC1E3F34E00037B2E9 /* Chat */ = {
			isa = PBXNativeTarget;
			buildConfigurationList = 1270A1DF1E3F34E00037B2E9 /* Build configuration list for PBXNativeTarget "Chat" */;
			buildPhases = (
				560AB70B22764AD374602419 /* [CP] Check Pods Manifest.lock */,
				1270A1C91E3F34E00037B2E9 /* Sources */,
				1270A1CA1E3F34E00037B2E9 /* Frameworks */,
				1270A1CB1E3F34E00037B2E9 /* Resources */,
				453E69993293BE939620557A /* [CP] Embed Pods Frameworks */,
				71CCC1B55386EA4A8C1A9B39 /* [CP] Copy Pods Resources */,
			);
			buildRules = (
			);
			dependencies = (
			);
			name = Chat;
			productName = Chat;
			productReference = 1270A1CD1E3F34E00037B2E9 /* Chat.app */;
			productType = "com.apple.product-type.application";
		};
/* End PBXNativeTarget section */

/* Begin PBXProject section */
		1270A1C51E3F34E00037B2E9 /* Project object */ = {
			isa = PBXProject;
			attributes = {
				LastSwiftUpdateCheck = 0820;
				LastUpgradeCheck = 0820;
				ORGANIZATIONNAME = "Stamp inc";
				TargetAttributes = {
					124AB5B51E52E21700E5FF18 = {
						CreatedOnToolsVersion = 8.2.1;
						DevelopmentTeam = 88ACA86N96;
						ProvisioningStyle = Automatic;
						SystemCapabilities = {
							com.apple.BackgroundModes = {
								enabled = 1;
							};
						};
					};
					1270A1CC1E3F34E00037B2E9 = {
						CreatedOnToolsVersion = 8.2.1;
						DevelopmentTeam = 88ACA86N96;
						ProvisioningStyle = Automatic;
					};
				};
			};
			buildConfigurationList = 1270A1C81E3F34E00037B2E9 /* Build configuration list for PBXProject "Chat" */;
			compatibilityVersion = "Xcode 3.2";
			developmentRegion = English;
			hasScannedForEncodings = 0;
			knownRegions = (
				en,
				Base,
			);
			mainGroup = 1270A1C41E3F34E00037B2E9;
			productRefGroup = 1270A1CE1E3F34E00037B2E9 /* Products */;
			projectDirPath = "";
			projectRoot = "";
			targets = (
				1270A1CC1E3F34E00037B2E9 /* Chat */,
				124AB5B51E52E21700E5FF18 /* Messenger */,
			);
		};
/* End PBXProject section */

/* Begin PBXResourcesBuildPhase section */
		124AB5B41E52E21700E5FF18 /* Resources */ = {
			isa = PBXResourcesBuildPhase;
			buildActionMask = 2147483647;
			files = (
				124AB5C31E52E21700E5FF18 /* LaunchScreen.storyboard in Resources */,
				124AB5EB1E52F1A300E5FF18 /* GoogleService-Info.plist in Resources */,
				124AB5C01E52E21700E5FF18 /* Assets.xcassets in Resources */,
				124AB5BE1E52E21700E5FF18 /* Main.storyboard in Resources */,
			);
			runOnlyForDeploymentPostprocessing = 0;
		};
		1270A1CB1E3F34E00037B2E9 /* Resources */ = {
			isa = PBXResourcesBuildPhase;
			buildActionMask = 2147483647;
			files = (
				1270A1DB1E3F34E00037B2E9 /* LaunchScreen.storyboard in Resources */,
				1270A1D81E3F34E00037B2E9 /* Assets.xcassets in Resources */,
			);
			runOnlyForDeploymentPostprocessing = 0;
		};
/* End PBXResourcesBuildPhase section */

/* Begin PBXShellScriptBuildPhase section */
		12A337848C85B837DA944B5B /* [CP] Check Pods Manifest.lock */ = {
			isa = PBXShellScriptBuildPhase;
			buildActionMask = 2147483647;
			files = (
			);
			inputPaths = (
			);
			name = "[CP] Check Pods Manifest.lock";
			outputPaths = (
			);
			runOnlyForDeploymentPostprocessing = 0;
			shellPath = /bin/sh;
			shellScript = "diff \"${PODS_ROOT}/../Podfile.lock\" \"${PODS_ROOT}/Manifest.lock\" > /dev/null\nif [ $? != 0 ] ; then\n    # print error to STDERR\n    echo \"error: The sandbox is not in sync with the Podfile.lock. Run 'pod install' or update your CocoaPods installation.\" >&2\n    exit 1\nfi\n";
			showEnvVarsInLog = 0;
		};
		1498089326694C657E196168 /* [CP] Embed Pods Frameworks */ = {
			isa = PBXShellScriptBuildPhase;
			buildActionMask = 2147483647;
			files = (
			);
			inputPaths = (
			);
			name = "[CP] Embed Pods Frameworks";
			outputPaths = (
			);
			runOnlyForDeploymentPostprocessing = 0;
			shellPath = /bin/sh;
			shellScript = "\"${SRCROOT}/Pods/Target Support Files/Pods-Messenger/Pods-Messenger-frameworks.sh\"\n";
			showEnvVarsInLog = 0;
		};
		453E69993293BE939620557A /* [CP] Embed Pods Frameworks */ = {
			isa = PBXShellScriptBuildPhase;
			buildActionMask = 2147483647;
			files = (
			);
			inputPaths = (
			);
			name = "[CP] Embed Pods Frameworks";
			outputPaths = (
			);
			runOnlyForDeploymentPostprocessing = 0;
			shellPath = /bin/sh;
			shellScript = "\"${SRCROOT}/Pods/Target Support Files/Pods-Chat/Pods-Chat-frameworks.sh\"\n";
			showEnvVarsInLog = 0;
		};
		560AB70B22764AD374602419 /* [CP] Check Pods Manifest.lock */ = {
			isa = PBXShellScriptBuildPhase;
			buildActionMask = 2147483647;
			files = (
			);
			inputPaths = (
			);
			name = "[CP] Check Pods Manifest.lock";
			outputPaths = (
			);
			runOnlyForDeploymentPostprocessing = 0;
			shellPath = /bin/sh;
			shellScript = "diff \"${PODS_ROOT}/../Podfile.lock\" \"${PODS_ROOT}/Manifest.lock\" > /dev/null\nif [ $? != 0 ] ; then\n    # print error to STDERR\n    echo \"error: The sandbox is not in sync with the Podfile.lock. Run 'pod install' or update your CocoaPods installation.\" >&2\n    exit 1\nfi\n";
			showEnvVarsInLog = 0;
		};
		71CCC1B55386EA4A8C1A9B39 /* [CP] Copy Pods Resources */ = {
			isa = PBXShellScriptBuildPhase;
			buildActionMask = 2147483647;
			files = (
			);
			inputPaths = (
			);
			name = "[CP] Copy Pods Resources";
			outputPaths = (
			);
			runOnlyForDeploymentPostprocessing = 0;
			shellPath = /bin/sh;
			shellScript = "\"${SRCROOT}/Pods/Target Support Files/Pods-Chat/Pods-Chat-resources.sh\"\n";
			showEnvVarsInLog = 0;
		};
		D472B0DDB9EDC2B1E419D9E0 /* [CP] Copy Pods Resources */ = {
			isa = PBXShellScriptBuildPhase;
			buildActionMask = 2147483647;
			files = (
			);
			inputPaths = (
			);
			name = "[CP] Copy Pods Resources";
			outputPaths = (
			);
			runOnlyForDeploymentPostprocessing = 0;
			shellPath = /bin/sh;
			shellScript = "\"${SRCROOT}/Pods/Target Support Files/Pods-Messenger/Pods-Messenger-resources.sh\"\n";
			showEnvVarsInLog = 0;
		};
/* End PBXShellScriptBuildPhase section */

/* Begin PBXSourcesBuildPhase section */
		124AB5B21E52E21700E5FF18 /* Sources */ = {
			isa = PBXSourcesBuildPhase;
			buildActionMask = 2147483647;
			files = (
				124AB5DF1E52E53200E5FF18 /* ChatToolBar.swift in Sources */,
				124AB5E41E52E57F00E5FF18 /* Salada.swift in Sources */,
				128EBA141E559AD600B56BFB /* Antenna.swift in Sources */,
				128EBA0A1E55522B00B56BFB /* ChatSessionController.swift in Sources */,
				124AB5D01E52E24D00E5FF18 /* RoomViewCell.swift in Sources */,
				124AB5CF1E52E24D00E5FF18 /* RoomViewController.swift in Sources */,
				124AB5F41E53124000E5FF18 /* Transcript.swift in Sources */,
				124AB5ED1E53106400E5FF18 /* Firebase+.swift in Sources */,
				128EBA191E56F46700B56BFB /* ViewController.swift in Sources */,
				124AB5E31E52E53200E5FF18 /* ChatViewCell.swift in Sources */,
				124AB5E01E52E53200E5FF18 /* ChatView.swift in Sources */,
				124AB5E81E52E57F00E5FF18 /* Referenceable.swift in Sources */,
				124AB5DE1E52E53200E5FF18 /* Chat.swift in Sources */,
				128EBA171E559AD600B56BFB /* Communicable+.swift in Sources */,
				128EBA0C1E556A9600B56BFB /* ChatTextCell.swift in Sources */,
				124AB5E61E52E57F00E5FF18 /* Salada+Datasource.swift in Sources */,
				124AB5D21E52E52B00E5FF18 /* MessageViewController.swift in Sources */,
				124AB5B91E52E21700E5FF18 /* AppDelegate.swift in Sources */,
				124AB5E21E52E53200E5FF18 /* ChatViewDataSource.swift in Sources */,
				124AB5F51E53124000E5FF18 /* Room.swift in Sources */,
				124AB5E51E52E57F00E5FF18 /* Salada+File.swift in Sources */,
				124AB5E11E52E53200E5FF18 /* ChatViewController.swift in Sources */,
				124AB5E71E52E57F00E5FF18 /* Salada+Relation.swift in Sources */,
				128EBA161E559AD600B56BFB /* Communicable.swift in Sources */,
				124AB5F61E53124000E5FF18 /* User.swift in Sources */,
				128EBA151E559AD600B56BFB /* Beacon.swift in Sources */,
			);
			runOnlyForDeploymentPostprocessing = 0;
		};
		1270A1C91E3F34E00037B2E9 /* Sources */ = {
			isa = PBXSourcesBuildPhase;
			buildActionMask = 2147483647;
			files = (
				124AB5DC1E52E53100E5FF18 /* ChatViewCell.swift in Sources */,
				124AB5DB1E52E53100E5FF18 /* ChatViewDataSource.swift in Sources */,
				124AB5D61E52E53100E5FF18 /* AppDelegate.swift in Sources */,
				124AB5D71E52E53100E5FF18 /* Chat.swift in Sources */,
				124AB5D91E52E53100E5FF18 /* ChatView.swift in Sources */,
				124AB5F11E5311B100E5FF18 /* Room.swift in Sources */,
				124AB5EF1E5311A700E5FF18 /* Transcript.swift in Sources */,
				124AB5DA1E52E53100E5FF18 /* ChatViewController.swift in Sources */,
				124AB5F31E5311CB00E5FF18 /* User.swift in Sources */,
				124AB5D81E52E53100E5FF18 /* ChatToolBar.swift in Sources */,
			);
			runOnlyForDeploymentPostprocessing = 0;
		};
/* End PBXSourcesBuildPhase section */

/* Begin PBXVariantGroup section */
		124AB5BC1E52E21700E5FF18 /* Main.storyboard */ = {
			isa = PBXVariantGroup;
			children = (
				124AB5BD1E52E21700E5FF18 /* Base */,
			);
			name = Main.storyboard;
			sourceTree = "<group>";
		};
		124AB5C11E52E21700E5FF18 /* LaunchScreen.storyboard */ = {
			isa = PBXVariantGroup;
			children = (
				124AB5C21E52E21700E5FF18 /* Base */,
			);
			name = LaunchScreen.storyboard;
			sourceTree = "<group>";
		};
		1270A1D91E3F34E00037B2E9 /* LaunchScreen.storyboard */ = {
			isa = PBXVariantGroup;
			children = (
				1270A1DA1E3F34E00037B2E9 /* Base */,
			);
			name = LaunchScreen.storyboard;
			sourceTree = "<group>";
		};
/* End PBXVariantGroup section */

/* Begin XCBuildConfiguration section */
		124AB5C61E52E21700E5FF18 /* Debug */ = {
			isa = XCBuildConfiguration;
			baseConfigurationReference = 65800436C61FE06F3D8E5CCB /* Pods-Messenger.debug.xcconfig */;
			buildSettings = {
				ASSETCATALOG_COMPILER_APPICON_NAME = AppIcon;
				DEVELOPMENT_TEAM = 88ACA86N96;
				INFOPLIST_FILE = Messenger/Info.plist;
				LD_RUNPATH_SEARCH_PATHS = "$(inherited) @executable_path/Frameworks";
				PRODUCT_BUNDLE_IDENTIFIER = team.stamp.Messenger;
				PRODUCT_NAME = "$(TARGET_NAME)";
				SWIFT_VERSION = 3.0;
			};
			name = Debug;
		};
		124AB5C71E52E21700E5FF18 /* Release */ = {
			isa = XCBuildConfiguration;
			baseConfigurationReference = 489B7665A1F9B3D7B8F72A8D /* Pods-Messenger.release.xcconfig */;
			buildSettings = {
				ASSETCATALOG_COMPILER_APPICON_NAME = AppIcon;
				DEVELOPMENT_TEAM = 88ACA86N96;
				INFOPLIST_FILE = Messenger/Info.plist;
				LD_RUNPATH_SEARCH_PATHS = "$(inherited) @executable_path/Frameworks";
				PRODUCT_BUNDLE_IDENTIFIER = team.stamp.Messenger;
				PRODUCT_NAME = "$(TARGET_NAME)";
				SWIFT_VERSION = 3.0;
			};
			name = Release;
		};
		1270A1DD1E3F34E00037B2E9 /* Debug */ = {
			isa = XCBuildConfiguration;
			buildSettings = {
				ALWAYS_SEARCH_USER_PATHS = NO;
				CLANG_ANALYZER_NONNULL = YES;
				CLANG_CXX_LANGUAGE_STANDARD = "gnu++0x";
				CLANG_CXX_LIBRARY = "libc++";
				CLANG_ENABLE_MODULES = YES;
				CLANG_ENABLE_OBJC_ARC = YES;
				CLANG_WARN_BOOL_CONVERSION = YES;
				CLANG_WARN_CONSTANT_CONVERSION = YES;
				CLANG_WARN_DIRECT_OBJC_ISA_USAGE = YES_ERROR;
				CLANG_WARN_DOCUMENTATION_COMMENTS = YES;
				CLANG_WARN_EMPTY_BODY = YES;
				CLANG_WARN_ENUM_CONVERSION = YES;
				CLANG_WARN_INFINITE_RECURSION = YES;
				CLANG_WARN_INT_CONVERSION = YES;
				CLANG_WARN_OBJC_ROOT_CLASS = YES_ERROR;
				CLANG_WARN_SUSPICIOUS_MOVE = YES;
				CLANG_WARN_UNREACHABLE_CODE = YES;
				CLANG_WARN__DUPLICATE_METHOD_MATCH = YES;
				"CODE_SIGN_IDENTITY[sdk=iphoneos*]" = "iPhone Developer";
				COPY_PHASE_STRIP = NO;
				DEBUG_INFORMATION_FORMAT = dwarf;
				ENABLE_STRICT_OBJC_MSGSEND = YES;
				ENABLE_TESTABILITY = YES;
				GCC_C_LANGUAGE_STANDARD = gnu99;
				GCC_DYNAMIC_NO_PIC = NO;
				GCC_NO_COMMON_BLOCKS = YES;
				GCC_OPTIMIZATION_LEVEL = 0;
				GCC_PREPROCESSOR_DEFINITIONS = (
					"DEBUG=1",
					"$(inherited)",
				);
				GCC_WARN_64_TO_32_BIT_CONVERSION = YES;
				GCC_WARN_ABOUT_RETURN_TYPE = YES_ERROR;
				GCC_WARN_UNDECLARED_SELECTOR = YES;
				GCC_WARN_UNINITIALIZED_AUTOS = YES_AGGRESSIVE;
				GCC_WARN_UNUSED_FUNCTION = YES;
				GCC_WARN_UNUSED_VARIABLE = YES;
				IPHONEOS_DEPLOYMENT_TARGET = 10.2;
				MTL_ENABLE_DEBUG_INFO = YES;
				ONLY_ACTIVE_ARCH = YES;
				SDKROOT = iphoneos;
				SWIFT_ACTIVE_COMPILATION_CONDITIONS = DEBUG;
				SWIFT_OPTIMIZATION_LEVEL = "-Onone";
			};
			name = Debug;
		};
		1270A1DE1E3F34E00037B2E9 /* Release */ = {
			isa = XCBuildConfiguration;
			buildSettings = {
				ALWAYS_SEARCH_USER_PATHS = NO;
				CLANG_ANALYZER_NONNULL = YES;
				CLANG_CXX_LANGUAGE_STANDARD = "gnu++0x";
				CLANG_CXX_LIBRARY = "libc++";
				CLANG_ENABLE_MODULES = YES;
				CLANG_ENABLE_OBJC_ARC = YES;
				CLANG_WARN_BOOL_CONVERSION = YES;
				CLANG_WARN_CONSTANT_CONVERSION = YES;
				CLANG_WARN_DIRECT_OBJC_ISA_USAGE = YES_ERROR;
				CLANG_WARN_DOCUMENTATION_COMMENTS = YES;
				CLANG_WARN_EMPTY_BODY = YES;
				CLANG_WARN_ENUM_CONVERSION = YES;
				CLANG_WARN_INFINITE_RECURSION = YES;
				CLANG_WARN_INT_CONVERSION = YES;
				CLANG_WARN_OBJC_ROOT_CLASS = YES_ERROR;
				CLANG_WARN_SUSPICIOUS_MOVE = YES;
				CLANG_WARN_UNREACHABLE_CODE = YES;
				CLANG_WARN__DUPLICATE_METHOD_MATCH = YES;
				"CODE_SIGN_IDENTITY[sdk=iphoneos*]" = "iPhone Developer";
				COPY_PHASE_STRIP = NO;
				DEBUG_INFORMATION_FORMAT = "dwarf-with-dsym";
				ENABLE_NS_ASSERTIONS = NO;
				ENABLE_STRICT_OBJC_MSGSEND = YES;
				GCC_C_LANGUAGE_STANDARD = gnu99;
				GCC_NO_COMMON_BLOCKS = YES;
				GCC_WARN_64_TO_32_BIT_CONVERSION = YES;
				GCC_WARN_ABOUT_RETURN_TYPE = YES_ERROR;
				GCC_WARN_UNDECLARED_SELECTOR = YES;
				GCC_WARN_UNINITIALIZED_AUTOS = YES_AGGRESSIVE;
				GCC_WARN_UNUSED_FUNCTION = YES;
				GCC_WARN_UNUSED_VARIABLE = YES;
				IPHONEOS_DEPLOYMENT_TARGET = 10.2;
				MTL_ENABLE_DEBUG_INFO = NO;
				SDKROOT = iphoneos;
				SWIFT_OPTIMIZATION_LEVEL = "-Owholemodule";
				VALIDATE_PRODUCT = YES;
			};
			name = Release;
		};
		1270A1E01E3F34E00037B2E9 /* Debug */ = {
			isa = XCBuildConfiguration;
			baseConfigurationReference = C39F9FFC25CE05CAA91260B2 /* Pods-Chat.debug.xcconfig */;
			buildSettings = {
				ASSETCATALOG_COMPILER_APPICON_NAME = AppIcon;
				DEVELOPMENT_TEAM = 88ACA86N96;
				INFOPLIST_FILE = Chat/Info.plist;
				LD_RUNPATH_SEARCH_PATHS = "$(inherited) @executable_path/Frameworks";
				PRODUCT_BUNDLE_IDENTIFIER = team.stamp.Chat;
				PRODUCT_NAME = "$(TARGET_NAME)";
				SWIFT_VERSION = 3.0;
			};
			name = Debug;
		};
		1270A1E11E3F34E00037B2E9 /* Release */ = {
			isa = XCBuildConfiguration;
			baseConfigurationReference = 9BDF8D5A412ED744CEB492F4 /* Pods-Chat.release.xcconfig */;
			buildSettings = {
				ASSETCATALOG_COMPILER_APPICON_NAME = AppIcon;
				DEVELOPMENT_TEAM = 88ACA86N96;
				INFOPLIST_FILE = Chat/Info.plist;
				LD_RUNPATH_SEARCH_PATHS = "$(inherited) @executable_path/Frameworks";
				PRODUCT_BUNDLE_IDENTIFIER = team.stamp.Chat;
				PRODUCT_NAME = "$(TARGET_NAME)";
				SWIFT_VERSION = 3.0;
			};
			name = Release;
		};
/* End XCBuildConfiguration section */

/* Begin XCConfigurationList section */
		124AB5C51E52E21700E5FF18 /* Build configuration list for PBXNativeTarget "Messenger" */ = {
			isa = XCConfigurationList;
			buildConfigurations = (
				124AB5C61E52E21700E5FF18 /* Debug */,
				124AB5C71E52E21700E5FF18 /* Release */,
			);
			defaultConfigurationIsVisible = 0;
			defaultConfigurationName = Release;
		};
		1270A1C81E3F34E00037B2E9 /* Build configuration list for PBXProject "Chat" */ = {
			isa = XCConfigurationList;
			buildConfigurations = (
				1270A1DD1E3F34E00037B2E9 /* Debug */,
				1270A1DE1E3F34E00037B2E9 /* Release */,
			);
			defaultConfigurationIsVisible = 0;
			defaultConfigurationName = Release;
		};
		1270A1DF1E3F34E00037B2E9 /* Build configuration list for PBXNativeTarget "Chat" */ = {
			isa = XCConfigurationList;
			buildConfigurations = (
				1270A1E01E3F34E00037B2E9 /* Debug */,
				1270A1E11E3F34E00037B2E9 /* Release */,
			);
			defaultConfigurationIsVisible = 0;
			defaultConfigurationName = Release;
		};
/* End XCConfigurationList section */
	};
	rootObject = 1270A1C51E3F34E00037B2E9 /* Project object */;
}
